
Microsoft Visual Studio Solution File, Format Version 12.00
# Visual Studio Version 16
VisualStudioVersion = 16.0.29418.71
MinimumVisualStudioVersion = 10.0.40219.1
Project("{FAE04EC0-301F-11D3-BF4B-00C04F79EFBC}") = "WebAPICore", "WebAPICore\WebAPICore.csproj", "{0B51108C-AA2E-4E75-B13C-7F67C5BA90DF}"
EndProject
Project("{FAE04EC0-301F-11D3-BF4B-00C04F79EFBC}") = "Dados", "Dados\Dados.csproj", "{FA3DB70C-3A7C-4F0A-88EB-1B9FC3863991}"
EndProject
Project("{FAE04EC0-301F-11D3-BF4B-00C04F79EFBC}") = "Dominio", "Dominio\Dominio.csproj", "{68B42181-1AE9-4AB1-A644-C0A33BCB0830}"
EndProject
Global
	GlobalSection(SolutionConfigurationPlatforms) = preSolution
		Debug|Any CPU = Debug|Any CPU
		Release|Any CPU = Release|Any CPU
	EndGlobalSection
	GlobalSection(ProjectConfigurationPlatforms) = postSolution
		{0B51108C-AA2E-4E75-B13C-7F67C5BA90DF}.Debug|Any CPU.ActiveCfg = Debug|Any CPU
		{0B51108C-AA2E-4E75-B13C-7F67C5BA90DF}.Debug|Any CPU.Build.0 = Debug|Any CPU
		{0B51108C-AA2E-4E75-B13C-7F67C5BA90DF}.Release|Any CPU.ActiveCfg = Release|Any CPU
		{0B51108C-AA2E-4E75-B13C-7F67C5BA90DF}.Release|Any CPU.Build.0 = Release|Any CPU
		{FA3DB70C-3A7C-4F0A-88EB-1B9FC3863991}.Debug|Any CPU.ActiveCfg = Debug|Any CPU
		{FA3DB70C-3A7C-4F0A-88EB-1B9FC3863991}.Debug|Any CPU.Build.0 = Debug|Any CPU
		{FA3DB70C-3A7C-4F0A-88EB-1B9FC3863991}.Release|Any CPU.ActiveCfg = Release|Any CPU
		{FA3DB70C-3A7C-4F0A-88EB-1B9FC3863991}.Release|Any CPU.Build.0 = Release|Any CPU
		{68B42181-1AE9-4AB1-A644-C0A33BCB0830}.Debug|Any CPU.ActiveCfg = Debug|Any CPU
		{68B42181-1AE9-4AB1-A644-C0A33BCB0830}.Debug|Any CPU.Build.0 = Debug|Any CPU
		{68B42181-1AE9-4AB1-A644-C0A33BCB0830}.Release|Any CPU.ActiveCfg = Release|Any CPU
		{68B42181-1AE9-4AB1-A644-C0A33BCB0830}.Release|Any CPU.Build.0 = Release|Any CPU
	EndGlobalSection
	GlobalSection(SolutionProperties) = preSolution
		HideSolutionNode = FALSE
	EndGlobalSection
	GlobalSection(ExtensibilityGlobals) = postSolution
		SolutionGuid = {7844B774-F8C4-4D96-9942-40D532B0946E}
	EndGlobalSection
EndGlobal
